
Microsoft Visual Studio Solution File, Format Version 12.00
# Visual Studio Version 16
VisualStudioVersion = 16.0.31613.86
MinimumVisualStudioVersion = 10.0.40219.1
Project("{FAE04EC0-301F-11D3-BF4B-00C04F79EFBC}") = "Delegate", "Delegate\Delegate.csproj", "{7F0A52D2-C7C5-4B8E-9D85-56277C4D7AC0}"
EndProject
Project("{FAE04EC0-301F-11D3-BF4B-00C04F79EFBC}") = "delegate2", "delegate2\delegate2.csproj", "{1A85835E-32A9-466F-AAF2-8552094A2744}"
EndProject
Project("{FAE04EC0-301F-11D3-BF4B-00C04F79EFBC}") = "Single responsibility principle", "Single responsibility principle\Single responsibility principle.csproj", "{B3BB0BFC-DA1A-4BEC-8437-AA2384D01D60}"
EndProject
Global
	GlobalSection(SolutionConfigurationPlatforms) = preSolution
		Debug|Any CPU = Debug|Any CPU
		Release|Any CPU = Release|Any CPU
	EndGlobalSection
	GlobalSection(ProjectConfigurationPlatforms) = postSolution
		{7F0A52D2-C7C5-4B8E-9D85-56277C4D7AC0}.Debug|Any CPU.ActiveCfg = Debug|Any CPU
		{7F0A52D2-C7C5-4B8E-9D85-56277C4D7AC0}.Debug|Any CPU.Build.0 = Debug|Any CPU
		{7F0A52D2-C7C5-4B8E-9D85-56277C4D7AC0}.Release|Any CPU.ActiveCfg = Release|Any CPU
		{7F0A52D2-C7C5-4B8E-9D85-56277C4D7AC0}.Release|Any CPU.Build.0 = Release|Any CPU
		{1A85835E-32A9-466F-AAF2-8552094A2744}.Debug|Any CPU.ActiveCfg = Debug|Any CPU
		{1A85835E-32A9-466F-AAF2-8552094A2744}.Debug|Any CPU.Build.0 = Debug|Any CPU
		{1A85835E-32A9-466F-AAF2-8552094A2744}.Release|Any CPU.ActiveCfg = Release|Any CPU
		{1A85835E-32A9-466F-AAF2-8552094A2744}.Release|Any CPU.Build.0 = Release|Any CPU
		{B3BB0BFC-DA1A-4BEC-8437-AA2384D01D60}.Debug|Any CPU.ActiveCfg = Debug|Any CPU
		{B3BB0BFC-DA1A-4BEC-8437-AA2384D01D60}.Debug|Any CPU.Build.0 = Debug|Any CPU
		{B3BB0BFC-DA1A-4BEC-8437-AA2384D01D60}.Release|Any CPU.ActiveCfg = Release|Any CPU
		{B3BB0BFC-DA1A-4BEC-8437-AA2384D01D60}.Release|Any CPU.Build.0 = Release|Any CPU
	EndGlobalSection
	GlobalSection(SolutionProperties) = preSolution
		HideSolutionNode = FALSE
	EndGlobalSection
	GlobalSection(ExtensibilityGlobals) = postSolution
		SolutionGuid = {0297FE1A-9942-4732-A569-F8EF2572B98A}
	EndGlobalSection
EndGlobal
