
Microsoft Visual Studio Solution File, Format Version 12.00
# Visual Studio Version 16
VisualStudioVersion = 16.0.31613.86
MinimumVisualStudioVersion = 10.0.40219.1
Project("{FAE04EC0-301F-11D3-BF4B-00C04F79EFBC}") = "Conversion", "Prog1\Conversion.csproj", "{92007E43-77DC-4C9E-924A-2EC8A7CF2AF5}"
EndProject
Project("{FAE04EC0-301F-11D3-BF4B-00C04F79EFBC}") = "As and Is operator", "As operator\As and Is operator.csproj", "{DDA17CF8-8579-4575-9E98-5F1218736110}"
EndProject
Project("{FAE04EC0-301F-11D3-BF4B-00C04F79EFBC}") = "Exception Handling", "Exception Handling\Exception Handling.csproj", "{300C351A-4142-432B-94EA-4E4BA7CB1D04}"
EndProject
Project("{FAE04EC0-301F-11D3-BF4B-00C04F79EFBC}") = "Exception2", "Exception2\Exception2.csproj", "{EBE6E74D-ED40-43F7-9C5B-26351446AECE}"
EndProject
Project("{FAE04EC0-301F-11D3-BF4B-00C04F79EFBC}") = "Interface", "Interface\Interface.csproj", "{E42FC1E6-48E0-4425-A251-3F155E6557B5}"
EndProject
Global
	GlobalSection(SolutionConfigurationPlatforms) = preSolution
		Debug|Any CPU = Debug|Any CPU
		Release|Any CPU = Release|Any CPU
	EndGlobalSection
	GlobalSection(ProjectConfigurationPlatforms) = postSolution
		{92007E43-77DC-4C9E-924A-2EC8A7CF2AF5}.Debug|Any CPU.ActiveCfg = Debug|Any CPU
		{92007E43-77DC-4C9E-924A-2EC8A7CF2AF5}.Debug|Any CPU.Build.0 = Debug|Any CPU
		{92007E43-77DC-4C9E-924A-2EC8A7CF2AF5}.Release|Any CPU.ActiveCfg = Release|Any CPU
		{92007E43-77DC-4C9E-924A-2EC8A7CF2AF5}.Release|Any CPU.Build.0 = Release|Any CPU
		{DDA17CF8-8579-4575-9E98-5F1218736110}.Debug|Any CPU.ActiveCfg = Debug|Any CPU
		{DDA17CF8-8579-4575-9E98-5F1218736110}.Debug|Any CPU.Build.0 = Debug|Any CPU
		{DDA17CF8-8579-4575-9E98-5F1218736110}.Release|Any CPU.ActiveCfg = Release|Any CPU
		{DDA17CF8-8579-4575-9E98-5F1218736110}.Release|Any CPU.Build.0 = Release|Any CPU
		{300C351A-4142-432B-94EA-4E4BA7CB1D04}.Debug|Any CPU.ActiveCfg = Debug|Any CPU
		{300C351A-4142-432B-94EA-4E4BA7CB1D04}.Debug|Any CPU.Build.0 = Debug|Any CPU
		{300C351A-4142-432B-94EA-4E4BA7CB1D04}.Release|Any CPU.ActiveCfg = Release|Any CPU
		{300C351A-4142-432B-94EA-4E4BA7CB1D04}.Release|Any CPU.Build.0 = Release|Any CPU
		{EBE6E74D-ED40-43F7-9C5B-26351446AECE}.Debug|Any CPU.ActiveCfg = Debug|Any CPU
		{EBE6E74D-ED40-43F7-9C5B-26351446AECE}.Debug|Any CPU.Build.0 = Debug|Any CPU
		{EBE6E74D-ED40-43F7-9C5B-26351446AECE}.Release|Any CPU.ActiveCfg = Release|Any CPU
		{EBE6E74D-ED40-43F7-9C5B-26351446AECE}.Release|Any CPU.Build.0 = Release|Any CPU
		{E42FC1E6-48E0-4425-A251-3F155E6557B5}.Debug|Any CPU.ActiveCfg = Debug|Any CPU
		{E42FC1E6-48E0-4425-A251-3F155E6557B5}.Debug|Any CPU.Build.0 = Debug|Any CPU
		{E42FC1E6-48E0-4425-A251-3F155E6557B5}.Release|Any CPU.ActiveCfg = Release|Any CPU
		{E42FC1E6-48E0-4425-A251-3F155E6557B5}.Release|Any CPU.Build.0 = Release|Any CPU
	EndGlobalSection
	GlobalSection(SolutionProperties) = preSolution
		HideSolutionNode = FALSE
	EndGlobalSection
	GlobalSection(ExtensibilityGlobals) = postSolution
		SolutionGuid = {04CAB5FA-B5FD-403B-B2EB-E15127618762}
	EndGlobalSection
EndGlobal
