
Microsoft Visual Studio Solution File, Format Version 12.00
# Visual Studio Version 16
VisualStudioVersion = 16.0.31613.86
MinimumVisualStudioVersion = 10.0.40219.1
Project("{FAE04EC0-301F-11D3-BF4B-00C04F79EFBC}") = "ConsoleApp1", "ConsoleApp1\ConsoleApp1.csproj", "{B44ECB3B-5569-4F27-A2FF-0147EC6FC1AA}"
EndProject
Project("{FAE04EC0-301F-11D3-BF4B-00C04F79EFBC}") = "ConsoleApp2", "ConsoleApp2\ConsoleApp2.csproj", "{BBD719B5-C319-445C-B0D7-6499FEBF86C9}"
EndProject
Global
	GlobalSection(SolutionConfigurationPlatforms) = preSolution
		Debug|Any CPU = Debug|Any CPU
		Release|Any CPU = Release|Any CPU
	EndGlobalSection
	GlobalSection(ProjectConfigurationPlatforms) = postSolution
		{B44ECB3B-5569-4F27-A2FF-0147EC6FC1AA}.Debug|Any CPU.ActiveCfg = Debug|Any CPU
		{B44ECB3B-5569-4F27-A2FF-0147EC6FC1AA}.Debug|Any CPU.Build.0 = Debug|Any CPU
		{B44ECB3B-5569-4F27-A2FF-0147EC6FC1AA}.Release|Any CPU.ActiveCfg = Release|Any CPU
		{B44ECB3B-5569-4F27-A2FF-0147EC6FC1AA}.Release|Any CPU.Build.0 = Release|Any CPU
		{BBD719B5-C319-445C-B0D7-6499FEBF86C9}.Debug|Any CPU.ActiveCfg = Debug|Any CPU
		{BBD719B5-C319-445C-B0D7-6499FEBF86C9}.Debug|Any CPU.Build.0 = Debug|Any CPU
		{BBD719B5-C319-445C-B0D7-6499FEBF86C9}.Release|Any CPU.ActiveCfg = Release|Any CPU
		{BBD719B5-C319-445C-B0D7-6499FEBF86C9}.Release|Any CPU.Build.0 = Release|Any CPU
	EndGlobalSection
	GlobalSection(SolutionProperties) = preSolution
		HideSolutionNode = FALSE
	EndGlobalSection
	GlobalSection(ExtensibilityGlobals) = postSolution
		SolutionGuid = {0A661921-739D-4A39-8ECF-EEEB3C8ACAC1}
	EndGlobalSection
EndGlobal
