
Microsoft Visual Studio Solution File, Format Version 12.00
# Visual Studio Version 16
VisualStudioVersion = 16.0.31613.86
MinimumVisualStudioVersion = 10.0.40219.1
Project("{FAE04EC0-301F-11D3-BF4B-00C04F79EFBC}") = "Arraylist", "Arraylist\Arraylist.csproj", "{A0838A0E-BF32-41EA-AA1B-04C4DB6341C8}"
EndProject
Project("{FAE04EC0-301F-11D3-BF4B-00C04F79EFBC}") = "hashtable", "hashtable\hashtable.csproj", "{09ADB26A-2461-4549-97A2-972840C636D6}"
EndProject
Project("{FAE04EC0-301F-11D3-BF4B-00C04F79EFBC}") = "stack", "stack\stack.csproj", "{68B21298-6D62-4150-8FBD-1B10236680AF}"
EndProject
Project("{FAE04EC0-301F-11D3-BF4B-00C04F79EFBC}") = "linkedlist generic", "linkedlist generic\linkedlist generic.csproj", "{965A7530-23D6-4A0A-A849-479A3E0DE879}"
EndProject
Global
	GlobalSection(SolutionConfigurationPlatforms) = preSolution
		Debug|Any CPU = Debug|Any CPU
		Release|Any CPU = Release|Any CPU
	EndGlobalSection
	GlobalSection(ProjectConfigurationPlatforms) = postSolution
		{A0838A0E-BF32-41EA-AA1B-04C4DB6341C8}.Debug|Any CPU.ActiveCfg = Debug|Any CPU
		{A0838A0E-BF32-41EA-AA1B-04C4DB6341C8}.Debug|Any CPU.Build.0 = Debug|Any CPU
		{A0838A0E-BF32-41EA-AA1B-04C4DB6341C8}.Release|Any CPU.ActiveCfg = Release|Any CPU
		{A0838A0E-BF32-41EA-AA1B-04C4DB6341C8}.Release|Any CPU.Build.0 = Release|Any CPU
		{09ADB26A-2461-4549-97A2-972840C636D6}.Debug|Any CPU.ActiveCfg = Debug|Any CPU
		{09ADB26A-2461-4549-97A2-972840C636D6}.Debug|Any CPU.Build.0 = Debug|Any CPU
		{09ADB26A-2461-4549-97A2-972840C636D6}.Release|Any CPU.ActiveCfg = Release|Any CPU
		{09ADB26A-2461-4549-97A2-972840C636D6}.Release|Any CPU.Build.0 = Release|Any CPU
		{68B21298-6D62-4150-8FBD-1B10236680AF}.Debug|Any CPU.ActiveCfg = Debug|Any CPU
		{68B21298-6D62-4150-8FBD-1B10236680AF}.Debug|Any CPU.Build.0 = Debug|Any CPU
		{68B21298-6D62-4150-8FBD-1B10236680AF}.Release|Any CPU.ActiveCfg = Release|Any CPU
		{68B21298-6D62-4150-8FBD-1B10236680AF}.Release|Any CPU.Build.0 = Release|Any CPU
		{965A7530-23D6-4A0A-A849-479A3E0DE879}.Debug|Any CPU.ActiveCfg = Debug|Any CPU
		{965A7530-23D6-4A0A-A849-479A3E0DE879}.Debug|Any CPU.Build.0 = Debug|Any CPU
		{965A7530-23D6-4A0A-A849-479A3E0DE879}.Release|Any CPU.ActiveCfg = Release|Any CPU
		{965A7530-23D6-4A0A-A849-479A3E0DE879}.Release|Any CPU.Build.0 = Release|Any CPU
	EndGlobalSection
	GlobalSection(SolutionProperties) = preSolution
		HideSolutionNode = FALSE
	EndGlobalSection
	GlobalSection(ExtensibilityGlobals) = postSolution
		SolutionGuid = {7F9F8540-A9E1-44BB-B791-45AF81CC6428}
	EndGlobalSection
EndGlobal
