
Microsoft Visual Studio Solution File, Format Version 12.00
# Visual Studio Version 16
VisualStudioVersion = 16.0.31613.86
MinimumVisualStudioVersion = 10.0.40219.1
Project("{FAE04EC0-301F-11D3-BF4B-00C04F79EFBC}") = "static_variables", "static_variables\static_variables.csproj", "{1AAC1721-5E55-488A-ADB7-B47084E0DD62}"
EndProject
Project("{FAE04EC0-301F-11D3-BF4B-00C04F79EFBC}") = "Switch", "Switch\Switch.csproj", "{3F3836FA-0124-45BA-AD6C-12AFBB792444}"
EndProject
Project("{FAE04EC0-301F-11D3-BF4B-00C04F79EFBC}") = "1D_Array", "1D_Array\1D_Array.csproj", "{D1936CDD-1DC9-4529-A7C4-20B1D8A873AA}"
EndProject
Project("{FAE04EC0-301F-11D3-BF4B-00C04F79EFBC}") = "Transpose _Matrix", "Transpose _Matrix\Transpose _Matrix.csproj", "{D784724A-6E1F-4164-A483-3B1D9A644AA2}"
EndProject
Project("{FAE04EC0-301F-11D3-BF4B-00C04F79EFBC}") = "Employee_Inheritance", "Employee_Inheritance\Employee_Inheritance.csproj", "{3E5600FD-6380-47F9-9337-EDE93DFF1E7D}"
EndProject
Project("{FAE04EC0-301F-11D3-BF4B-00C04F79EFBC}") = "Overriding", "Overriding\Overriding.csproj", "{E1923068-0E5D-4DE2-BFF1-AE736EDB486B}"
EndProject
Global
	GlobalSection(SolutionConfigurationPlatforms) = preSolution
		Debug|Any CPU = Debug|Any CPU
		Release|Any CPU = Release|Any CPU
	EndGlobalSection
	GlobalSection(ProjectConfigurationPlatforms) = postSolution
		{1AAC1721-5E55-488A-ADB7-B47084E0DD62}.Debug|Any CPU.ActiveCfg = Debug|Any CPU
		{1AAC1721-5E55-488A-ADB7-B47084E0DD62}.Debug|Any CPU.Build.0 = Debug|Any CPU
		{1AAC1721-5E55-488A-ADB7-B47084E0DD62}.Release|Any CPU.ActiveCfg = Release|Any CPU
		{1AAC1721-5E55-488A-ADB7-B47084E0DD62}.Release|Any CPU.Build.0 = Release|Any CPU
		{3F3836FA-0124-45BA-AD6C-12AFBB792444}.Debug|Any CPU.ActiveCfg = Debug|Any CPU
		{3F3836FA-0124-45BA-AD6C-12AFBB792444}.Debug|Any CPU.Build.0 = Debug|Any CPU
		{3F3836FA-0124-45BA-AD6C-12AFBB792444}.Release|Any CPU.ActiveCfg = Release|Any CPU
		{3F3836FA-0124-45BA-AD6C-12AFBB792444}.Release|Any CPU.Build.0 = Release|Any CPU
		{D1936CDD-1DC9-4529-A7C4-20B1D8A873AA}.Debug|Any CPU.ActiveCfg = Debug|Any CPU
		{D1936CDD-1DC9-4529-A7C4-20B1D8A873AA}.Debug|Any CPU.Build.0 = Debug|Any CPU
		{D1936CDD-1DC9-4529-A7C4-20B1D8A873AA}.Release|Any CPU.ActiveCfg = Release|Any CPU
		{D1936CDD-1DC9-4529-A7C4-20B1D8A873AA}.Release|Any CPU.Build.0 = Release|Any CPU
		{D784724A-6E1F-4164-A483-3B1D9A644AA2}.Debug|Any CPU.ActiveCfg = Debug|Any CPU
		{D784724A-6E1F-4164-A483-3B1D9A644AA2}.Debug|Any CPU.Build.0 = Debug|Any CPU
		{D784724A-6E1F-4164-A483-3B1D9A644AA2}.Release|Any CPU.ActiveCfg = Release|Any CPU
		{D784724A-6E1F-4164-A483-3B1D9A644AA2}.Release|Any CPU.Build.0 = Release|Any CPU
		{3E5600FD-6380-47F9-9337-EDE93DFF1E7D}.Debug|Any CPU.ActiveCfg = Debug|Any CPU
		{3E5600FD-6380-47F9-9337-EDE93DFF1E7D}.Debug|Any CPU.Build.0 = Debug|Any CPU
		{3E5600FD-6380-47F9-9337-EDE93DFF1E7D}.Release|Any CPU.ActiveCfg = Release|Any CPU
		{3E5600FD-6380-47F9-9337-EDE93DFF1E7D}.Release|Any CPU.Build.0 = Release|Any CPU
		{E1923068-0E5D-4DE2-BFF1-AE736EDB486B}.Debug|Any CPU.ActiveCfg = Debug|Any CPU
		{E1923068-0E5D-4DE2-BFF1-AE736EDB486B}.Debug|Any CPU.Build.0 = Debug|Any CPU
		{E1923068-0E5D-4DE2-BFF1-AE736EDB486B}.Release|Any CPU.ActiveCfg = Release|Any CPU
		{E1923068-0E5D-4DE2-BFF1-AE736EDB486B}.Release|Any CPU.Build.0 = Release|Any CPU
	EndGlobalSection
	GlobalSection(SolutionProperties) = preSolution
		HideSolutionNode = FALSE
	EndGlobalSection
	GlobalSection(ExtensibilityGlobals) = postSolution
		SolutionGuid = {3A7E6FE8-EE3D-4976-BC4D-6CBCF97F4130}
	EndGlobalSection
EndGlobal
