
Microsoft Visual Studio Solution File, Format Version 12.00
# Visual Studio Version 16
VisualStudioVersion = 16.0.31613.86
MinimumVisualStudioVersion = 10.0.40219.1
Project("{FAE04EC0-301F-11D3-BF4B-00C04F79EFBC}") = "static_variables", "static_variables\static_variables.csproj", "{1AAC1721-5E55-488A-ADB7-B47084E0DD62}"
EndProject
Global
	GlobalSection(SolutionConfigurationPlatforms) = preSolution
		Debug|Any CPU = Debug|Any CPU
		Release|Any CPU = Release|Any CPU
	EndGlobalSection
	GlobalSection(ProjectConfigurationPlatforms) = postSolution
		{1AAC1721-5E55-488A-ADB7-B47084E0DD62}.Debug|Any CPU.ActiveCfg = Debug|Any CPU
		{1AAC1721-5E55-488A-ADB7-B47084E0DD62}.Debug|Any CPU.Build.0 = Debug|Any CPU
		{1AAC1721-5E55-488A-ADB7-B47084E0DD62}.Release|Any CPU.ActiveCfg = Release|Any CPU
		{1AAC1721-5E55-488A-ADB7-B47084E0DD62}.Release|Any CPU.Build.0 = Release|Any CPU
	EndGlobalSection
	GlobalSection(SolutionProperties) = preSolution
		HideSolutionNode = FALSE
	EndGlobalSection
	GlobalSection(ExtensibilityGlobals) = postSolution
		SolutionGuid = {3A7E6FE8-EE3D-4976-BC4D-6CBCF97F4130}
	EndGlobalSection
EndGlobal
